// !$*UTF8*$!
{
	archiveVersion = 1;
	classes = {
	};
	objectVersion = 46;
	objects = {

/* Begin PBXBuildFile section */
		A71F7BA51F8AEC73001B26DC /* AppDelegate.swift in Sources */ = {isa = PBXBuildFile; fileRef = A71F7BA41F8AEC73001B26DC /* AppDelegate.swift */; };
		A71F7BA71F8AEC73001B26DC /* ViewController.swift in Sources */ = {isa = PBXBuildFile; fileRef = A71F7BA61F8AEC73001B26DC /* ViewController.swift */; };
		A71F7BAA1F8AEC73001B26DC /* Main.storyboard in Resources */ = {isa = PBXBuildFile; fileRef = A71F7BA81F8AEC73001B26DC /* Main.storyboard */; };
		A71F7BAC1F8AEC73001B26DC /* Assets.xcassets in Resources */ = {isa = PBXBuildFile; fileRef = A71F7BAB1F8AEC73001B26DC /* Assets.xcassets */; };
		A71F7BAF1F8AEC73001B26DC /* LaunchScreen.storyboard in Resources */ = {isa = PBXBuildFile; fileRef = A71F7BAD1F8AEC73001B26DC /* LaunchScreen.storyboard */; };
/* End PBXBuildFile section */

/* Begin PBXFileReference section */
		A71F7BA11F8AEC73001B26DC /* Videotubeapp.app */ = {isa = PBXFileReference; explicitFileType = wrapper.application; includeInIndex = 0; path = Videotubeapp.app; sourceTree = BUILT_PRODUCTS_DIR; };
		A71F7BA41F8AEC73001B26DC /* AppDelegate.swift */ = {isa = PBXFileReference; lastKnownFileType = sourcecode.swift; path = AppDelegate.swift; sourceTree = "<group>"; };
		A71F7BA61F8AEC73001B26DC /* ViewController.swift */ = {isa = PBXFileReference; lastKnownFileType = sourcecode.swift; path = ViewController.swift; sourceTree = "<group>"; };
		A71F7BA91F8AEC73001B26DC /* Base */ = {isa = PBXFileReference; lastKnownFileType = file.storyboard; name = Base; path = Base.lproj/Main.storyboard; sourceTree = "<group>"; };
		A71F7BAB1F8AEC73001B26DC /* Assets.xcassets */ = {isa = PBXFileReference; lastKnownFileType = folder.assetcatalog; path = Assets.xcassets; sourceTree = "<group>"; };
		A71F7BAE1F8AEC73001B26DC /* Base */ = {isa = PBXFileReference; lastKnownFileType = file.storyboard; name = Base; path = Base.lproj/LaunchScreen.storyboard; sourceTree = "<group>"; };
		A71F7BB01F8AEC73001B26DC /* Info.plist */ = {isa = PBXFileReference; lastKnownFileType = text.plist.xml; path = Info.plist; sourceTree = "<group>"; };
/* End PBXFileReference section */

/* Begin PBXFrameworksBuildPhase section */
		A71F7B9E1F8AEC73001B26DC /* Frameworks */ = {
			isa = PBXFrameworksBuildPhase;
			buildActionMask = 2147483647;
			files = (
			);
			runOnlyForDeploymentPostprocessing = 0;
		};
/* End PBXFrameworksBuildPhase section */

/* Begin PBXGroup section */
		A71F7B981F8AEC73001B26DC = {
			isa = PBXGroup;
			children = (
				A71F7BA31F8AEC73001B26DC /* Videotubeapp */,
				A71F7BA21F8AEC73001B26DC /* Products */,
			);
			sourceTree = "<group>";
		};
		A71F7BA21F8AEC73001B26DC /* Products */ = {
			isa = PBXGroup;
			children = (
				A71F7BA11F8AEC73001B26DC /* Videotubeapp.app */,
			);
			name = Products;
			sourceTree = "<group>";
		};
		A71F7BA31F8AEC73001B26DC /* Videotubeapp */ = {
			isa = PBXGroup;
			children = (
				A71F7BA41F8AEC73001B26DC /* AppDelegate.swift */,
				A71F7BA61F8AEC73001B26DC /* ViewController.swift */,
				A71F7BA81F8AEC73001B26DC /* Main.storyboard */,
				A71F7BAB1F8AEC73001B26DC /* Assets.xcassets */,
				A71F7BAD1F8AEC73001B26DC /* LaunchScreen.storyboard */,
				A71F7BB01F8AEC73001B26DC /* Info.plist */,
			);
			path = Videotubeapp;
			sourceTree = "<group>";
		};
/* End PBXGroup section */

/* Begin PBXNativeTarget section */
		A71F7BA01F8AEC73001B26DC /* Videotubeapp */ = {
			isa = PBXNativeTarget;
			buildConfigurationList = A71F7BB31F8AEC73001B26DC /* Build configuration list for PBXNativeTarget "Videotubeapp" */;
			buildPhases = (
				A71F7B9D1F8AEC73001B26DC /* Sources */,
				A71F7B9E1F8AEC73001B26DC /* Frameworks */,
				A71F7B9F1F8AEC73001B26DC /* Resources */,
			);
			buildRules = (
			);
			dependencies = (
			);
			name = Videotubeapp;
			productName = Videotubeapp;
			productReference = A71F7BA11F8AEC73001B26DC /* Videotubeapp.app */;
			productType = "com.apple.product-type.application";
		};
/* End PBXNativeTarget section */

/* Begin PBXProject section */
		A71F7B991F8AEC73001B26DC /* Project object */ = {
			isa = PBXProject;
			attributes = {
				LastSwiftUpdateCheck = 0830;
				LastUpgradeCheck = 0830;
				ORGANIZATIONNAME = "Padma kumar";
				TargetAttributes = {
					A71F7BA01F8AEC73001B26DC = {
						CreatedOnToolsVersion = 8.3.2;
						DevelopmentTeam = 3S7SA97273;
						ProvisioningStyle = Automatic;
					};
				};
			};
			buildConfigurationList = A71F7B9C1F8AEC73001B26DC /* Build configuration list for PBXProject "Videotubeapp" */;
			compatibilityVersion = "Xcode 3.2";
			developmentRegion = English;
			hasScannedForEncodings = 0;
			knownRegions = (
				en,
				Base,
			);
			mainGroup = A71F7B981F8AEC73001B26DC;
			productRefGroup = A71F7BA21F8AEC73001B26DC /* Products */;
			projectDirPath = "";
			projectRoot = "";
			targets = (
				A71F7BA01F8AEC73001B26DC /* Videotubeapp */,
			);
		};
/* End PBXProject section */

/* Begin PBXResourcesBuildPhase section */
		A71F7B9F1F8AEC73001B26DC /* Resources */ = {
			isa = PBXResourcesBuildPhase;
			buildActionMask = 2147483647;
			files = (
				A71F7BAF1F8AEC73001B26DC /* LaunchScreen.storyboard in Resources */,
				A71F7BAC1F8AEC73001B26DC /* Assets.xcassets in Resources */,
				A71F7BAA1F8AEC73001B26DC /* Main.storyboard in Resources */,
			);
			runOnlyForDeploymentPostprocessing = 0;
		};
/* End PBXResourcesBuildPhase section */

/* Begin PBXSourcesBuildPhase section */
		A71F7B9D1F8AEC73001B26DC /* Sources */ = {
			isa = PBXSourcesBuildPhase;
			buildActionMask = 2147483647;
			files = (
				A71F7BA71F8AEC73001B26DC /* ViewController.swift in Sources */,
				A71F7BA51F8AEC73001B26DC /* AppDelegate.swift in Sources */,
			);
			runOnlyForDeploymentPostprocessing = 0;
		};
/* End PBXSourcesBuildPhase section */

/* Begin PBXVariantGroup section */
		A71F7BA81F8AEC73001B26DC /* Main.storyboard */ = {
			isa = PBXVariantGroup;
			children = (
				A71F7BA91F8AEC73001B26DC /* Base */,
			);
			name = Main.storyboard;
			sourceTree = "<group>";
		};
		A71F7BAD1F8AEC73001B26DC /* LaunchScreen.storyboard */ = {
			isa = PBXVariantGroup;
			children = (
				A71F7BAE1F8AEC73001B26DC /* Base */,
			);
			name = LaunchScreen.storyboard;
			sourceTree = "<group>";
		};
/* End PBXVariantGroup section */

/* Begin XCBuildConfiguration section */
		A71F7BB11F8AEC73001B26DC /* Debug */ = {
			isa = XCBuildConfiguration;
			buildSettings = {
				ALWAYS_SEARCH_USER_PATHS = NO;
				CLANG_ANALYZER_NONNULL = YES;
				CLANG_ANALYZER_NUMBER_OBJECT_CONVERSION = YES_AGGRESSIVE;
				CLANG_CXX_LANGUAGE_STANDARD = "gnu++0x";
				CLANG_CXX_LIBRARY = "libc++";
				CLANG_ENABLE_MODULES = YES;
				CLANG_ENABLE_OBJC_ARC = YES;
				CLANG_WARN_BOOL_CONVERSION = YES;
				CLANG_WARN_CONSTANT_CONVERSION = YES;
				CLANG_WARN_DIRECT_OBJC_ISA_USAGE = YES_ERROR;
				CLANG_WARN_DOCUMENTATION_COMMENTS = YES;
				CLANG_WARN_EMPTY_BODY = YES;
				CLANG_WARN_ENUM_CONVERSION = YES;
				CLANG_WARN_INFINITE_RECURSION = YES;
				CLANG_WARN_INT_CONVERSION = YES;
				CLANG_WARN_OBJC_ROOT_CLASS = YES_ERROR;
				CLANG_WARN_SUSPICIOUS_MOVE = YES;
				CLANG_WARN_UNREACHABLE_CODE = YES;
				CLANG_WARN__DUPLICATE_METHOD_MATCH = YES;
				"CODE_SIGN_IDENTITY[sdk=iphoneos*]" = "iPhone Developer";
				COPY_PHASE_STRIP = NO;
				DEBUG_INFORMATION_FORMAT = dwarf;
				ENABLE_STRICT_OBJC_MSGSEND = YES;
				ENABLE_TESTABILITY = YES;
				GCC_C_LANGUAGE_STANDARD = gnu99;
				GCC_DYNAMIC_NO_PIC = NO;
				GCC_NO_COMMON_BLOCKS = YES;
				GCC_OPTIMIZATION_LEVEL = 0;
				GCC_PREPROCESSOR_DEFINITIONS = (
					"DEBUG=1",
					"$(inherited)",
				);
				GCC_WARN_64_TO_32_BIT_CONVERSION = YES;
				GCC_WARN_ABOUT_RETURN_TYPE = YES_ERROR;
				GCC_WARN_UNDECLARED_SELECTOR = YES;
				GCC_WARN_UNINITIALIZED_AUTOS = YES_AGGRESSIVE;
				GCC_WARN_UNUSED_FUNCTION = YES;
				GCC_WARN_UNUSED_VARIABLE = YES;
				IPHONEOS_DEPLOYMENT_TARGET = 10.3;
				MTL_ENABLE_DEBUG_INFO = YES;
				ONLY_ACTIVE_ARCH = YES;
				SDKROOT = iphoneos;
				SWIFT_ACTIVE_COMPILATION_CONDITIONS = DEBUG;
				SWIFT_OPTIMIZATION_LEVEL = "-Onone";
				TARGETED_DEVICE_FAMILY = "1,2";
			};
			name = Debug;
		};
		A71F7BB21F8AEC73001B26DC /* Release */ = {
			isa = XCBuildConfiguration;
			buildSettings = {
				ALWAYS_SEARCH_USER_PATHS = NO;
				CLANG_ANALYZER_NONNULL = YES;
				CLANG_ANALYZER_NUMBER_OBJECT_CONVERSION = YES_AGGRESSIVE;
				CLANG_CXX_LANGUAGE_STANDARD = "gnu++0x";
				CLANG_CXX_LIBRARY = "libc++";
				CLANG_ENABLE_MODULES = YES;
				CLANG_ENABLE_OBJC_ARC = YES;
				CLANG_WARN_BOOL_CONVERSION = YES;
				CLANG_WARN_CONSTANT_CONVERSION = YES;
				CLANG_WARN_DIRECT_OBJC_ISA_USAGE = YES_ERROR;
				CLANG_WARN_DOCUMENTATION_COMMENTS = YES;
				CLANG_WARN_EMPTY_BODY = YES;
				CLANG_WARN_ENUM_CONVERSION = YES;
				CLANG_WARN_INFINITE_RECURSION = YES;
				CLANG_WARN_INT_CONVERSION = YES;
				CLANG_WARN_OBJC_ROOT_CLASS = YES_ERROR;
				CLANG_WARN_SUSPICIOUS_MOVE = YES;
				CLANG_WARN_UNREACHABLE_CODE = YES;
				CLANG_WARN__DUPLICATE_METHOD_MATCH = YES;
				"CODE_SIGN_IDENTITY[sdk=iphoneos*]" = "iPhone Developer";
				COPY_PHASE_STRIP = NO;
				DEBUG_INFORMATION_FORMAT = "dwarf-with-dsym";
				ENABLE_NS_ASSERTIONS = NO;
				ENABLE_STRICT_OBJC_MSGSEND = YES;
				GCC_C_LANGUAGE_STANDARD = gnu99;
				GCC_NO_COMMON_BLOCKS = YES;
				GCC_WARN_64_TO_32_BIT_CONVERSION = YES;
				GCC_WARN_ABOUT_RETURN_TYPE = YES_ERROR;
				GCC_WARN_UNDECLARED_SELECTOR = YES;
				GCC_WARN_UNINITIALIZED_AUTOS = YES_AGGRESSIVE;
				GCC_WARN_UNUSED_FUNCTION = YES;
				GCC_WARN_UNUSED_VARIABLE = YES;
				IPHONEOS_DEPLOYMENT_TARGET = 10.3;
				MTL_ENABLE_DEBUG_INFO = NO;
				SDKROOT = iphoneos;
				SWIFT_OPTIMIZATION_LEVEL = "-Owholemodule";
				TARGETED_DEVICE_FAMILY = "1,2";
				VALIDATE_PRODUCT = YES;
			};
			name = Release;
		};
		A71F7BB41F8AEC73001B26DC /* Debug */ = {
			isa = XCBuildConfiguration;
			buildSettings = {
				ASSETCATALOG_COMPILER_APPICON_NAME = AppIcon;
				DEVELOPMENT_TEAM = 3S7SA97273;
				INFOPLIST_FILE = Videotubeapp/Info.plist;
				LD_RUNPATH_SEARCH_PATHS = "$(inherited) @executable_path/Frameworks";
				PRODUCT_BUNDLE_IDENTIFIER = SmartWorks.Videotubeapp;
				PRODUCT_NAME = "$(TARGET_NAME)";
				SWIFT_VERSION = 3.0;
			};
			name = Debug;
		};
		A71F7BB51F8AEC73001B26DC /* Release */ = {
			isa = XCBuildConfiguration;
			buildSettings = {
				ASSETCATALOG_COMPILER_APPICON_NAME = AppIcon;
				DEVELOPMENT_TEAM = 3S7SA97273;
				INFOPLIST_FILE = Videotubeapp/Info.plist;
				LD_RUNPATH_SEARCH_PATHS = "$(inherited) @executable_path/Frameworks";
				PRODUCT_BUNDLE_IDENTIFIER = SmartWorks.Videotubeapp;
				PRODUCT_NAME = "$(TARGET_NAME)";
				SWIFT_VERSION = 3.0;
			};
			name = Release;
		};
/* End XCBuildConfiguration section */

/* Begin XCConfigurationList section */
		A71F7B9C1F8AEC73001B26DC /* Build configuration list for PBXProject "Videotubeapp" */ = {
			isa = XCConfigurationList;
			buildConfigurations = (
				A71F7BB11F8AEC73001B26DC /* Debug */,
				A71F7BB21F8AEC73001B26DC /* Release */,
			);
			defaultConfigurationIsVisible = 0;
			defaultConfigurationName = Release;
		};
		A71F7BB31F8AEC73001B26DC /* Build configuration list for PBXNativeTarget "Videotubeapp" */ = {
			isa = XCConfigurationList;
			buildConfigurations = (
				A71F7BB41F8AEC73001B26DC /* Debug */,
				A71F7BB51F8AEC73001B26DC /* Release */,
			);
			defaultConfigurationIsVisible = 0;
		};
/* End XCConfigurationList section */
	};
	rootObject = A71F7B991F8AEC73001B26DC /* Project object */;
}
